
Microsoft Visual Studio Solution File, Format Version 11.00
# Visual Studio 2010
Project("{FAE04EC0-301F-11D3-BF4B-00C04F79EFBC}") = "gov.hhs.cdc.cs.campaigns.pledge", "gov.hhs.cdc.cs.campaigns.pledge.csproj", "{B453E5ED-7AB3-4813-9229-CF2644C07F82}"
EndProject
Global
	GlobalSection(SolutionConfigurationPlatforms) = preSolution
		Debug|Any CPU = Debug|Any CPU
		Release|Any CPU = Release|Any CPU
	EndGlobalSection
	GlobalSection(ProjectConfigurationPlatforms) = postSolution
		{B453E5ED-7AB3-4813-9229-CF2644C07F82}.Debug|Any CPU.ActiveCfg = Debug|Any CPU
		{B453E5ED-7AB3-4813-9229-CF2644C07F82}.Debug|Any CPU.Build.0 = Debug|Any CPU
		{B453E5ED-7AB3-4813-9229-CF2644C07F82}.Release|Any CPU.ActiveCfg = Release|Any CPU
		{B453E5ED-7AB3-4813-9229-CF2644C07F82}.Release|Any CPU.Build.0 = Release|Any CPU
	EndGlobalSection
	GlobalSection(SolutionProperties) = preSolution
		HideSolutionNode = FALSE
	EndGlobalSection
EndGlobal
